
Microsoft Visual Studio Solution File, Format Version 12.00
# Visual Studio 15
VisualStudioVersion = 15.0.26430.15
MinimumVisualStudioVersion = 10.0.40219.1
Project("{FAE04EC0-301F-11D3-BF4B-00C04F79EFBC}") = "hw1", "homework\hw1\hw1.csproj", "{00EB79DD-CA33-410F-AE9A-2AAB26B9B3B6}"
EndProject
Project("{FAE04EC0-301F-11D3-BF4B-00C04F79EFBC}") = "hw2", "homework\hw2\hw2.csproj", "{9255F736-FE40-43B9-B624-3BE8BE9ECA57}"
EndProject
Project("{FAE04EC0-301F-11D3-BF4B-00C04F79EFBC}") = "hw3", "homework\hw3\hw3.csproj", "{4CAB5FB4-148B-4A34-A5DB-D1BB0B76BD52}"
EndProject
Project("{FAE04EC0-301F-11D3-BF4B-00C04F79EFBC}") = "hw4", "homework\hw4\hw4.csproj", "{2A99154B-42DF-4254-BEA9-D76ACC2EBDB4}"
EndProject
Project("{FAE04EC0-301F-11D3-BF4B-00C04F79EFBC}") = "hw5", "homework\hw5\hw5.csproj", "{FB0DAEE3-2A6D-42EB-BEC2-36F4CC2E877C}"
EndProject
Project("{2150E333-8FDC-42A3-9474-1A3956D46DE8}") = "homework", "homework", "{04C1C1DE-7CC9-448A-8B26-D53915ED5307}"
EndProject
Project("{2150E333-8FDC-42A3-9474-1A3956D46DE8}") = "practicalwork", "practicalwork", "{8CFFCA87-2791-4D3F-801E-FC23EA4CCFFD}"
EndProject
Project("{FAE04EC0-301F-11D3-BF4B-00C04F79EFBC}") = "pr0717", "practicalwork\pr0717\pr0717.csproj", "{100D2754-0318-486A-85F6-E7A0D7003030}"
EndProject
Project("{FAE04EC0-301F-11D3-BF4B-00C04F79EFBC}") = "pr0717-1", "practicalwork\pr0717-1\pr0717-1.csproj", "{BC6BE12B-4EB1-491F-8BF8-5A13B42B3719}"
EndProject
Project("{FAE04EC0-301F-11D3-BF4B-00C04F79EFBC}") = "pr0717-2", "practicalwork\pr0717-2\pr0717-2.csproj", "{F376EA5B-C8D7-448B-A3C5-E0D8743F398A}"
EndProject
Project("{FAE04EC0-301F-11D3-BF4B-00C04F79EFBC}") = "pr0717-3", "practicalwork\pr0717-3\pr0717-3.csproj", "{509251B7-7DCB-4E21-8873-72391937A308}"
EndProject
Project("{FAE04EC0-301F-11D3-BF4B-00C04F79EFBC}") = "pr0717-4", "practicalwork\pr0717-4\pr0717-4.csproj", "{A8431FDD-2B05-4012-AD21-FCA9EDA2609A}"
EndProject
Project("{FAE04EC0-301F-11D3-BF4B-00C04F79EFBC}") = "pr0717-5", "practicalwork\pr0717-5\pr0717-5.csproj", "{FF76830F-4CFE-4354-9751-1B2DBFDBBC06}"
EndProject
Global
	GlobalSection(SolutionConfigurationPlatforms) = preSolution
		Debug|Any CPU = Debug|Any CPU
		Release|Any CPU = Release|Any CPU
	EndGlobalSection
	GlobalSection(ProjectConfigurationPlatforms) = postSolution
		{00EB79DD-CA33-410F-AE9A-2AAB26B9B3B6}.Debug|Any CPU.ActiveCfg = Debug|Any CPU
		{00EB79DD-CA33-410F-AE9A-2AAB26B9B3B6}.Debug|Any CPU.Build.0 = Debug|Any CPU
		{00EB79DD-CA33-410F-AE9A-2AAB26B9B3B6}.Release|Any CPU.ActiveCfg = Release|Any CPU
		{00EB79DD-CA33-410F-AE9A-2AAB26B9B3B6}.Release|Any CPU.Build.0 = Release|Any CPU
		{9255F736-FE40-43B9-B624-3BE8BE9ECA57}.Debug|Any CPU.ActiveCfg = Debug|Any CPU
		{9255F736-FE40-43B9-B624-3BE8BE9ECA57}.Debug|Any CPU.Build.0 = Debug|Any CPU
		{9255F736-FE40-43B9-B624-3BE8BE9ECA57}.Release|Any CPU.ActiveCfg = Release|Any CPU
		{9255F736-FE40-43B9-B624-3BE8BE9ECA57}.Release|Any CPU.Build.0 = Release|Any CPU
		{4CAB5FB4-148B-4A34-A5DB-D1BB0B76BD52}.Debug|Any CPU.ActiveCfg = Debug|Any CPU
		{4CAB5FB4-148B-4A34-A5DB-D1BB0B76BD52}.Debug|Any CPU.Build.0 = Debug|Any CPU
		{4CAB5FB4-148B-4A34-A5DB-D1BB0B76BD52}.Release|Any CPU.ActiveCfg = Release|Any CPU
		{4CAB5FB4-148B-4A34-A5DB-D1BB0B76BD52}.Release|Any CPU.Build.0 = Release|Any CPU
		{2A99154B-42DF-4254-BEA9-D76ACC2EBDB4}.Debug|Any CPU.ActiveCfg = Debug|Any CPU
		{2A99154B-42DF-4254-BEA9-D76ACC2EBDB4}.Debug|Any CPU.Build.0 = Debug|Any CPU
		{2A99154B-42DF-4254-BEA9-D76ACC2EBDB4}.Release|Any CPU.ActiveCfg = Release|Any CPU
		{2A99154B-42DF-4254-BEA9-D76ACC2EBDB4}.Release|Any CPU.Build.0 = Release|Any CPU
		{FB0DAEE3-2A6D-42EB-BEC2-36F4CC2E877C}.Debug|Any CPU.ActiveCfg = Debug|Any CPU
		{FB0DAEE3-2A6D-42EB-BEC2-36F4CC2E877C}.Debug|Any CPU.Build.0 = Debug|Any CPU
		{FB0DAEE3-2A6D-42EB-BEC2-36F4CC2E877C}.Release|Any CPU.ActiveCfg = Release|Any CPU
		{FB0DAEE3-2A6D-42EB-BEC2-36F4CC2E877C}.Release|Any CPU.Build.0 = Release|Any CPU
		{100D2754-0318-486A-85F6-E7A0D7003030}.Debug|Any CPU.ActiveCfg = Debug|Any CPU
		{100D2754-0318-486A-85F6-E7A0D7003030}.Debug|Any CPU.Build.0 = Debug|Any CPU
		{100D2754-0318-486A-85F6-E7A0D7003030}.Release|Any CPU.ActiveCfg = Release|Any CPU
		{100D2754-0318-486A-85F6-E7A0D7003030}.Release|Any CPU.Build.0 = Release|Any CPU
		{BC6BE12B-4EB1-491F-8BF8-5A13B42B3719}.Debug|Any CPU.ActiveCfg = Debug|Any CPU
		{BC6BE12B-4EB1-491F-8BF8-5A13B42B3719}.Debug|Any CPU.Build.0 = Debug|Any CPU
		{BC6BE12B-4EB1-491F-8BF8-5A13B42B3719}.Release|Any CPU.ActiveCfg = Release|Any CPU
		{BC6BE12B-4EB1-491F-8BF8-5A13B42B3719}.Release|Any CPU.Build.0 = Release|Any CPU
		{F376EA5B-C8D7-448B-A3C5-E0D8743F398A}.Debug|Any CPU.ActiveCfg = Debug|Any CPU
		{F376EA5B-C8D7-448B-A3C5-E0D8743F398A}.Debug|Any CPU.Build.0 = Debug|Any CPU
		{F376EA5B-C8D7-448B-A3C5-E0D8743F398A}.Release|Any CPU.ActiveCfg = Release|Any CPU
		{F376EA5B-C8D7-448B-A3C5-E0D8743F398A}.Release|Any CPU.Build.0 = Release|Any CPU
		{509251B7-7DCB-4E21-8873-72391937A308}.Debug|Any CPU.ActiveCfg = Debug|Any CPU
		{509251B7-7DCB-4E21-8873-72391937A308}.Debug|Any CPU.Build.0 = Debug|Any CPU
		{509251B7-7DCB-4E21-8873-72391937A308}.Release|Any CPU.ActiveCfg = Release|Any CPU
		{509251B7-7DCB-4E21-8873-72391937A308}.Release|Any CPU.Build.0 = Release|Any CPU
		{A8431FDD-2B05-4012-AD21-FCA9EDA2609A}.Debug|Any CPU.ActiveCfg = Debug|Any CPU
		{A8431FDD-2B05-4012-AD21-FCA9EDA2609A}.Debug|Any CPU.Build.0 = Debug|Any CPU
		{A8431FDD-2B05-4012-AD21-FCA9EDA2609A}.Release|Any CPU.ActiveCfg = Release|Any CPU
		{A8431FDD-2B05-4012-AD21-FCA9EDA2609A}.Release|Any CPU.Build.0 = Release|Any CPU
		{FF76830F-4CFE-4354-9751-1B2DBFDBBC06}.Debug|Any CPU.ActiveCfg = Debug|Any CPU
		{FF76830F-4CFE-4354-9751-1B2DBFDBBC06}.Debug|Any CPU.Build.0 = Debug|Any CPU
		{FF76830F-4CFE-4354-9751-1B2DBFDBBC06}.Release|Any CPU.ActiveCfg = Release|Any CPU
		{FF76830F-4CFE-4354-9751-1B2DBFDBBC06}.Release|Any CPU.Build.0 = Release|Any CPU
	EndGlobalSection
	GlobalSection(SolutionProperties) = preSolution
		HideSolutionNode = FALSE
	EndGlobalSection
	GlobalSection(NestedProjects) = preSolution
		{00EB79DD-CA33-410F-AE9A-2AAB26B9B3B6} = {04C1C1DE-7CC9-448A-8B26-D53915ED5307}
		{9255F736-FE40-43B9-B624-3BE8BE9ECA57} = {04C1C1DE-7CC9-448A-8B26-D53915ED5307}
		{4CAB5FB4-148B-4A34-A5DB-D1BB0B76BD52} = {04C1C1DE-7CC9-448A-8B26-D53915ED5307}
		{2A99154B-42DF-4254-BEA9-D76ACC2EBDB4} = {04C1C1DE-7CC9-448A-8B26-D53915ED5307}
		{FB0DAEE3-2A6D-42EB-BEC2-36F4CC2E877C} = {04C1C1DE-7CC9-448A-8B26-D53915ED5307}
		{100D2754-0318-486A-85F6-E7A0D7003030} = {8CFFCA87-2791-4D3F-801E-FC23EA4CCFFD}
		{BC6BE12B-4EB1-491F-8BF8-5A13B42B3719} = {8CFFCA87-2791-4D3F-801E-FC23EA4CCFFD}
		{F376EA5B-C8D7-448B-A3C5-E0D8743F398A} = {8CFFCA87-2791-4D3F-801E-FC23EA4CCFFD}
		{509251B7-7DCB-4E21-8873-72391937A308} = {8CFFCA87-2791-4D3F-801E-FC23EA4CCFFD}
		{A8431FDD-2B05-4012-AD21-FCA9EDA2609A} = {8CFFCA87-2791-4D3F-801E-FC23EA4CCFFD}
		{FF76830F-4CFE-4354-9751-1B2DBFDBBC06} = {8CFFCA87-2791-4D3F-801E-FC23EA4CCFFD}
	EndGlobalSection
EndGlobal
